
Microsoft Visual Studio Solution File, Format Version 12.00
# Visual Studio Version 17
VisualStudioVersion = 17.8.34511.84
MinimumVisualStudioVersion = 10.0.40219.1
Project("{FAE04EC0-301F-11D3-BF4B-00C04F79EFBC}") = "Memory", "Memory.csproj", "{7B67AEAC-2CB5-4F5F-B9CD-CD96784C33B3}"
EndProject
Global
	GlobalSection(SolutionConfigurationPlatforms) = preSolution
		Debug|Any CPU = Debug|Any CPU
		Release|Any CPU = Release|Any CPU
	EndGlobalSection
	GlobalSection(ProjectConfigurationPlatforms) = postSolution
		{7B67AEAC-2CB5-4F5F-B9CD-CD96784C33B3}.Debug|Any CPU.ActiveCfg = Debug|Any CPU
		{7B67AEAC-2CB5-4F5F-B9CD-CD96784C33B3}.Debug|Any CPU.Build.0 = Debug|Any CPU
		{7B67AEAC-2CB5-4F5F-B9CD-CD96784C33B3}.Release|Any CPU.ActiveCfg = Release|Any CPU
		{7B67AEAC-2CB5-4F5F-B9CD-CD96784C33B3}.Release|Any CPU.Build.0 = Release|Any CPU
	EndGlobalSection
	GlobalSection(SolutionProperties) = preSolution
		HideSolutionNode = FALSE
	EndGlobalSection
	GlobalSection(ExtensibilityGlobals) = postSolution
		SolutionGuid = {3E96951F-8D0E-44E6-8673-84DFCA8F92EF}
	EndGlobalSection
EndGlobal
